
Microsoft Visual Studio Solution File, Format Version 12.00
# Visual Studio Version 16
VisualStudioVersion = 16.0.31911.196
MinimumVisualStudioVersion = 10.0.40219.1
Project("{FAE04EC0-301F-11D3-BF4B-00C04F79EFBC}") = "CSharp_Work11_HomeWork", "CSharp_Work11_HomeWork\CSharp_Work11_HomeWork.csproj", "{B1015D6C-2F3F-442B-93CC-D821E825C078}"
EndProject
Global
	GlobalSection(SolutionConfigurationPlatforms) = preSolution
		Debug|Any CPU = Debug|Any CPU
		Release|Any CPU = Release|Any CPU
	EndGlobalSection
	GlobalSection(ProjectConfigurationPlatforms) = postSolution
		{B1015D6C-2F3F-442B-93CC-D821E825C078}.Debug|Any CPU.ActiveCfg = Debug|Any CPU
		{B1015D6C-2F3F-442B-93CC-D821E825C078}.Debug|Any CPU.Build.0 = Debug|Any CPU
		{B1015D6C-2F3F-442B-93CC-D821E825C078}.Release|Any CPU.ActiveCfg = Release|Any CPU
		{B1015D6C-2F3F-442B-93CC-D821E825C078}.Release|Any CPU.Build.0 = Release|Any CPU
	EndGlobalSection
	GlobalSection(SolutionProperties) = preSolution
		HideSolutionNode = FALSE
	EndGlobalSection
	GlobalSection(ExtensibilityGlobals) = postSolution
		SolutionGuid = {7A456A3C-FB4B-47DC-820C-A96C46E5F0EA}
	EndGlobalSection
EndGlobal
